
Microsoft Visual Studio Solution File, Format Version 12.00
# Visual Studio Version 17
VisualStudioVersion = 17.5.33627.172
MinimumVisualStudioVersion = 10.0.40219.1
Project("{FAE04EC0-301F-11D3-BF4B-00C04F79EFBC}") = "UC12ARRAYLIST", "UC12ARRAYLIST.csproj", "{EC922740-68A2-4681-9BD0-955C385A55E1}"
EndProject
Global
	GlobalSection(SolutionConfigurationPlatforms) = preSolution
		Debug|Any CPU = Debug|Any CPU
		Release|Any CPU = Release|Any CPU
	EndGlobalSection
	GlobalSection(ProjectConfigurationPlatforms) = postSolution
		{EC922740-68A2-4681-9BD0-955C385A55E1}.Debug|Any CPU.ActiveCfg = Debug|Any CPU
		{EC922740-68A2-4681-9BD0-955C385A55E1}.Debug|Any CPU.Build.0 = Debug|Any CPU
		{EC922740-68A2-4681-9BD0-955C385A55E1}.Release|Any CPU.ActiveCfg = Release|Any CPU
		{EC922740-68A2-4681-9BD0-955C385A55E1}.Release|Any CPU.Build.0 = Release|Any CPU
	EndGlobalSection
	GlobalSection(SolutionProperties) = preSolution
		HideSolutionNode = FALSE
	EndGlobalSection
	GlobalSection(ExtensibilityGlobals) = postSolution
		SolutionGuid = {309ED6E2-365B-4C47-A584-4C0632F2B7B3}
	EndGlobalSection
EndGlobal
