
Microsoft Visual Studio Solution File, Format Version 12.00
# Visual Studio Version 17
VisualStudioVersion = 17.5.33627.172
MinimumVisualStudioVersion = 10.0.40219.1
Project("{FAE04EC0-301F-11D3-BF4B-00C04F79EFBC}") = "UC9SAVETOTALWAGE", "UC9SAVETOTALWAGE.csproj", "{10BE8156-962D-444F-9A68-70BBE9DF44DD}"
EndProject
Global
	GlobalSection(SolutionConfigurationPlatforms) = preSolution
		Debug|Any CPU = Debug|Any CPU
		Release|Any CPU = Release|Any CPU
	EndGlobalSection
	GlobalSection(ProjectConfigurationPlatforms) = postSolution
		{10BE8156-962D-444F-9A68-70BBE9DF44DD}.Debug|Any CPU.ActiveCfg = Debug|Any CPU
		{10BE8156-962D-444F-9A68-70BBE9DF44DD}.Debug|Any CPU.Build.0 = Debug|Any CPU
		{10BE8156-962D-444F-9A68-70BBE9DF44DD}.Release|Any CPU.ActiveCfg = Release|Any CPU
		{10BE8156-962D-444F-9A68-70BBE9DF44DD}.Release|Any CPU.Build.0 = Release|Any CPU
	EndGlobalSection
	GlobalSection(SolutionProperties) = preSolution
		HideSolutionNode = FALSE
	EndGlobalSection
	GlobalSection(ExtensibilityGlobals) = postSolution
		SolutionGuid = {813A0005-3542-426E-B0BA-970E0A9075F8}
	EndGlobalSection
EndGlobal
